
Microsoft Visual Studio Solution File, Format Version 12.00
# Visual Studio Version 17
VisualStudioVersion = 17.13.35931.197
MinimumVisualStudioVersion = 10.0.40219.1
Project("{FAE04EC0-301F-11D3-BF4B-00C04F79EFBC}") = "V2.DocVerifier.Web", "V2.DocVerifier.Web\V2.DocVerifier.Web.csproj", "{618EDB41-F4B0-4819-8AF8-355F76E954A9}"
EndProject
Project("{FAE04EC0-301F-11D3-BF4B-00C04F79EFBC}") = "V2.DocVerifier.Services", "V2.DocVerifier.Services\V2.DocVerifier.Services.csproj", "{724498EB-C088-4917-B0D1-184E0B7FDB3E}"
EndProject
Project("{FAE04EC0-301F-11D3-BF4B-00C04F79EFBC}") = "V2.DocVerifier.Models", "V2.DocVerifier.Models\V2.DocVerifier.Models.csproj", "{67D4810C-B548-401B-A1B6-286F645469ED}"
EndProject
Project("{FAE04EC0-301F-11D3-BF4B-00C04F79EFBC}") = "V2.DocVerifier.API", "V2.DocVerifier.API\V2.DocVerifier.API.csproj", "{AC3F99F9-A8B1-4E5B-4E36-CD6B41A875FB}"
EndProject
Project("{FAE04EC0-301F-11D3-BF4B-00C04F79EFBC}") = "V2.IO.Image", "V2.IO.Image\V2.IO.Image.csproj", "{82C9DBB6-1705-43D8-B905-2676BA55FEA4}"
EndProject
Global
	GlobalSection(SolutionConfigurationPlatforms) = preSolution
		Debug|Any CPU = Debug|Any CPU
		Release|Any CPU = Release|Any CPU
	EndGlobalSection
	GlobalSection(ProjectConfigurationPlatforms) = postSolution
		{618EDB41-F4B0-4819-8AF8-355F76E954A9}.Debug|Any CPU.ActiveCfg = Debug|Any CPU
		{618EDB41-F4B0-4819-8AF8-355F76E954A9}.Debug|Any CPU.Build.0 = Debug|Any CPU
		{618EDB41-F4B0-4819-8AF8-355F76E954A9}.Release|Any CPU.ActiveCfg = Release|Any CPU
		{618EDB41-F4B0-4819-8AF8-355F76E954A9}.Release|Any CPU.Build.0 = Release|Any CPU
		{724498EB-C088-4917-B0D1-184E0B7FDB3E}.Debug|Any CPU.ActiveCfg = Debug|Any CPU
		{724498EB-C088-4917-B0D1-184E0B7FDB3E}.Debug|Any CPU.Build.0 = Debug|Any CPU
		{724498EB-C088-4917-B0D1-184E0B7FDB3E}.Release|Any CPU.ActiveCfg = Release|Any CPU
		{724498EB-C088-4917-B0D1-184E0B7FDB3E}.Release|Any CPU.Build.0 = Release|Any CPU
		{67D4810C-B548-401B-A1B6-286F645469ED}.Debug|Any CPU.ActiveCfg = Debug|Any CPU
		{67D4810C-B548-401B-A1B6-286F645469ED}.Debug|Any CPU.Build.0 = Debug|Any CPU
		{67D4810C-B548-401B-A1B6-286F645469ED}.Release|Any CPU.ActiveCfg = Release|Any CPU
		{67D4810C-B548-401B-A1B6-286F645469ED}.Release|Any CPU.Build.0 = Release|Any CPU
		{AC3F99F9-A8B1-4E5B-4E36-CD6B41A875FB}.Debug|Any CPU.ActiveCfg = Debug|Any CPU
		{AC3F99F9-A8B1-4E5B-4E36-CD6B41A875FB}.Debug|Any CPU.Build.0 = Debug|Any CPU
		{AC3F99F9-A8B1-4E5B-4E36-CD6B41A875FB}.Release|Any CPU.ActiveCfg = Release|Any CPU
		{AC3F99F9-A8B1-4E5B-4E36-CD6B41A875FB}.Release|Any CPU.Build.0 = Release|Any CPU
		{82C9DBB6-1705-43D8-B905-2676BA55FEA4}.Debug|Any CPU.ActiveCfg = Debug|Any CPU
		{82C9DBB6-1705-43D8-B905-2676BA55FEA4}.Debug|Any CPU.Build.0 = Debug|Any CPU
		{82C9DBB6-1705-43D8-B905-2676BA55FEA4}.Release|Any CPU.ActiveCfg = Release|Any CPU
		{82C9DBB6-1705-43D8-B905-2676BA55FEA4}.Release|Any CPU.Build.0 = Release|Any CPU
	EndGlobalSection
	GlobalSection(SolutionProperties) = preSolution
		HideSolutionNode = FALSE
	EndGlobalSection
	GlobalSection(ExtensibilityGlobals) = postSolution
		SolutionGuid = {0102DDE4-3A8C-49F4-90E2-7E0BA0BCC4C0}
	EndGlobalSection
EndGlobal
